
Microsoft Visual Studio Solution File, Format Version 12.00
# Visual Studio 2012
Project("{FAE04EC0-301F-11D3-BF4B-00C04F79EFBC}") = "TechArchitect", "TechArchitect\TechArchitect.csproj", "{EE6C7604-1E75-4B67-85A0-22902825F59F}"
EndProject
Project("{FAE04EC0-301F-11D3-BF4B-00C04F79EFBC}") = "TechArchitect.Data", "TechArchitect.Data\TechArchitect.Data.csproj", "{D593C488-C428-4DB0-92E7-B87D8F542900}"
EndProject
Global
	GlobalSection(SolutionConfigurationPlatforms) = preSolution
		Debug|Any CPU = Debug|Any CPU
		Debug|ARM = Debug|ARM
		Debug|x64 = Debug|x64
		Debug|x86 = Debug|x86
		Release|Any CPU = Release|Any CPU
		Release|ARM = Release|ARM
		Release|x64 = Release|x64
		Release|x86 = Release|x86
	EndGlobalSection
	GlobalSection(ProjectConfigurationPlatforms) = postSolution
		{EE6C7604-1E75-4B67-85A0-22902825F59F}.Debug|Any CPU.ActiveCfg = Debug|Any CPU
		{EE6C7604-1E75-4B67-85A0-22902825F59F}.Debug|Any CPU.Build.0 = Debug|Any CPU
		{EE6C7604-1E75-4B67-85A0-22902825F59F}.Debug|Any CPU.Deploy.0 = Debug|Any CPU
		{EE6C7604-1E75-4B67-85A0-22902825F59F}.Debug|ARM.ActiveCfg = Debug|ARM
		{EE6C7604-1E75-4B67-85A0-22902825F59F}.Debug|ARM.Build.0 = Debug|ARM
		{EE6C7604-1E75-4B67-85A0-22902825F59F}.Debug|ARM.Deploy.0 = Debug|ARM
		{EE6C7604-1E75-4B67-85A0-22902825F59F}.Debug|x64.ActiveCfg = Debug|x64
		{EE6C7604-1E75-4B67-85A0-22902825F59F}.Debug|x64.Build.0 = Debug|x64
		{EE6C7604-1E75-4B67-85A0-22902825F59F}.Debug|x64.Deploy.0 = Debug|x64
		{EE6C7604-1E75-4B67-85A0-22902825F59F}.Debug|x86.ActiveCfg = Debug|x86
		{EE6C7604-1E75-4B67-85A0-22902825F59F}.Debug|x86.Build.0 = Debug|x86
		{EE6C7604-1E75-4B67-85A0-22902825F59F}.Debug|x86.Deploy.0 = Debug|x86
		{EE6C7604-1E75-4B67-85A0-22902825F59F}.Release|Any CPU.ActiveCfg = Release|Any CPU
		{EE6C7604-1E75-4B67-85A0-22902825F59F}.Release|Any CPU.Build.0 = Release|Any CPU
		{EE6C7604-1E75-4B67-85A0-22902825F59F}.Release|Any CPU.Deploy.0 = Release|Any CPU
		{EE6C7604-1E75-4B67-85A0-22902825F59F}.Release|ARM.ActiveCfg = Release|ARM
		{EE6C7604-1E75-4B67-85A0-22902825F59F}.Release|ARM.Build.0 = Release|ARM
		{EE6C7604-1E75-4B67-85A0-22902825F59F}.Release|ARM.Deploy.0 = Release|ARM
		{EE6C7604-1E75-4B67-85A0-22902825F59F}.Release|x64.ActiveCfg = Release|x64
		{EE6C7604-1E75-4B67-85A0-22902825F59F}.Release|x64.Build.0 = Release|x64
		{EE6C7604-1E75-4B67-85A0-22902825F59F}.Release|x64.Deploy.0 = Release|x64
		{EE6C7604-1E75-4B67-85A0-22902825F59F}.Release|x86.ActiveCfg = Release|x86
		{EE6C7604-1E75-4B67-85A0-22902825F59F}.Release|x86.Build.0 = Release|x86
		{EE6C7604-1E75-4B67-85A0-22902825F59F}.Release|x86.Deploy.0 = Release|x86
		{D593C488-C428-4DB0-92E7-B87D8F542900}.Debug|Any CPU.ActiveCfg = Debug|Any CPU
		{D593C488-C428-4DB0-92E7-B87D8F542900}.Debug|Any CPU.Build.0 = Debug|Any CPU
		{D593C488-C428-4DB0-92E7-B87D8F542900}.Debug|ARM.ActiveCfg = Debug|ARM
		{D593C488-C428-4DB0-92E7-B87D8F542900}.Debug|ARM.Build.0 = Debug|ARM
		{D593C488-C428-4DB0-92E7-B87D8F542900}.Debug|x64.ActiveCfg = Debug|x64
		{D593C488-C428-4DB0-92E7-B87D8F542900}.Debug|x64.Build.0 = Debug|x64
		{D593C488-C428-4DB0-92E7-B87D8F542900}.Debug|x86.ActiveCfg = Debug|x86
		{D593C488-C428-4DB0-92E7-B87D8F542900}.Debug|x86.Build.0 = Debug|x86
		{D593C488-C428-4DB0-92E7-B87D8F542900}.Release|Any CPU.ActiveCfg = Release|Any CPU
		{D593C488-C428-4DB0-92E7-B87D8F542900}.Release|Any CPU.Build.0 = Release|Any CPU
		{D593C488-C428-4DB0-92E7-B87D8F542900}.Release|ARM.ActiveCfg = Release|ARM
		{D593C488-C428-4DB0-92E7-B87D8F542900}.Release|ARM.Build.0 = Release|ARM
		{D593C488-C428-4DB0-92E7-B87D8F542900}.Release|x64.ActiveCfg = Release|x64
		{D593C488-C428-4DB0-92E7-B87D8F542900}.Release|x64.Build.0 = Release|x64
		{D593C488-C428-4DB0-92E7-B87D8F542900}.Release|x86.ActiveCfg = Release|x86
		{D593C488-C428-4DB0-92E7-B87D8F542900}.Release|x86.Build.0 = Release|x86
	EndGlobalSection
	GlobalSection(SolutionProperties) = preSolution
		HideSolutionNode = FALSE
	EndGlobalSection
EndGlobal
