
Microsoft Visual Studio Solution File, Format Version 12.00
# Visual Studio 2012
Project("{FAE04EC0-301F-11D3-BF4B-00C04F79EFBC}") = "OnlineServiceManagement", "OnlineServiceManagement\OnlineServiceManagement.csproj", "{2426CD68-01EF-4EE4-BA32-03A464A96E74}"
EndProject
Global
	GlobalSection(SolutionConfigurationPlatforms) = preSolution
		Debug|Any CPU = Debug|Any CPU
		Release|Any CPU = Release|Any CPU
	EndGlobalSection
	GlobalSection(ProjectConfigurationPlatforms) = postSolution
		{2426CD68-01EF-4EE4-BA32-03A464A96E74}.Debug|Any CPU.ActiveCfg = Debug|Any CPU
		{2426CD68-01EF-4EE4-BA32-03A464A96E74}.Debug|Any CPU.Build.0 = Debug|Any CPU
		{2426CD68-01EF-4EE4-BA32-03A464A96E74}.Release|Any CPU.ActiveCfg = Release|Any CPU
		{2426CD68-01EF-4EE4-BA32-03A464A96E74}.Release|Any CPU.Build.0 = Release|Any CPU
	EndGlobalSection
	GlobalSection(SolutionProperties) = preSolution
		HideSolutionNode = FALSE
	EndGlobalSection
EndGlobal
